
Microsoft Visual Studio Solution File, Format Version 12.00
# Visual Studio Version 17
VisualStudioVersion = 17.14.36408.4
MinimumVisualStudioVersion = 10.0.40219.1
Project("{FAE04EC0-301F-11D3-BF4B-00C04F79EFBC}") = "chaolong-sever", "chaolong-sever.csproj", "{528BD208-162A-4C32-A0FF-16253A8CD744}"
EndProject
Project("{FAE04EC0-301F-11D3-BF4B-00C04F79EFBC}") = "DataAccessLayer", "..\DataAccessLayer\DataAccessLayer.csproj", "{8EDAE970-76CD-4EEB-B0D2-EE48C49FBD7A}"
EndProject
Project("{FAE04EC0-301F-11D3-BF4B-00C04F79EFBC}") = "BusinessLogicLayer", "..\BusinessLogicLayer\BusinessLogicLayer.csproj", "{B06D5ABA-631D-4792-B993-388C9847780B}"
EndProject
Project("{2150E333-8FDC-42A3-9474-1A3956D46DE8}") = "Solution Items", "Solution Items", "{02EA681E-C7D8-13C7-8484-4AC65E1B71E8}"
EndProject
Global
	GlobalSection(SolutionConfigurationPlatforms) = preSolution
		Debug|Any CPU = Debug|Any CPU
		Release|Any CPU = Release|Any CPU
	EndGlobalSection
	GlobalSection(ProjectConfigurationPlatforms) = postSolution
		{528BD208-162A-4C32-A0FF-16253A8CD744}.Debug|Any CPU.ActiveCfg = Debug|Any CPU
		{528BD208-162A-4C32-A0FF-16253A8CD744}.Debug|Any CPU.Build.0 = Debug|Any CPU
		{528BD208-162A-4C32-A0FF-16253A8CD744}.Release|Any CPU.ActiveCfg = Release|Any CPU
		{528BD208-162A-4C32-A0FF-16253A8CD744}.Release|Any CPU.Build.0 = Release|Any CPU
		{8EDAE970-76CD-4EEB-B0D2-EE48C49FBD7A}.Debug|Any CPU.ActiveCfg = Debug|Any CPU
		{8EDAE970-76CD-4EEB-B0D2-EE48C49FBD7A}.Debug|Any CPU.Build.0 = Debug|Any CPU
		{8EDAE970-76CD-4EEB-B0D2-EE48C49FBD7A}.Release|Any CPU.ActiveCfg = Release|Any CPU
		{8EDAE970-76CD-4EEB-B0D2-EE48C49FBD7A}.Release|Any CPU.Build.0 = Release|Any CPU
		{B06D5ABA-631D-4792-B993-388C9847780B}.Debug|Any CPU.ActiveCfg = Debug|Any CPU
		{B06D5ABA-631D-4792-B993-388C9847780B}.Debug|Any CPU.Build.0 = Debug|Any CPU
		{B06D5ABA-631D-4792-B993-388C9847780B}.Release|Any CPU.ActiveCfg = Release|Any CPU
		{B06D5ABA-631D-4792-B993-388C9847780B}.Release|Any CPU.Build.0 = Release|Any CPU
	EndGlobalSection
	GlobalSection(SolutionProperties) = preSolution
		HideSolutionNode = FALSE
	EndGlobalSection
	GlobalSection(ExtensibilityGlobals) = postSolution
		SolutionGuid = {AF6A8BB9-3684-492A-81E9-1958C20FE4FC}
	EndGlobalSection
EndGlobal
